version = 1
revision = 3
requires-python = ">=3.12"

[[package]]
name = "annotated-doc"
version = "0.0.4"
source = { registry = "https://pypi.org/simple" }
sdist = { url = "https://files.pythonhosted.org/packages/57/ba/046ceea27344560984e26a590f90bc7f4a75b06701f653222458922b558c/annotated_doc-0.0.4.tar.gz", hash = "sha256:fbcda96e87e9c92ad167c2e53839e57503ecfda18804ea28102353485033faa4", size = 7288, upload-time = "2025-11-10T22:07:42.062Z" }
wheels = [
    { url = "https://files.pythonhosted.org/packages/1e/d3/26bf1008eb3d2daa8ef4cacc7f3bfdc11818d111f7e2d0201bc6e3b49d45/annotated_doc-0.0.4-py3-none-any.whl", hash = "sha256:571ac1dc6991c450b25a9c2d84a3705e2ae7a53467b5d111c24fa8baabbed320", size = 5303, upload-time = "2025-11-10T22:07:40.673Z" },
]

[[package]]
name = "astroid"
version = "4.0.4"
source = { registry = "https://pypi.org/simple" }
sdist = { url = "https://files.pythonhosted.org/packages/07/63/0adf26577da5eff6eb7a177876c1cfa213856be9926a000f65c4add9692b/astroid-4.0.4.tar.gz", hash = "sha256:986fed8bcf79fb82c78b18a53352a0b287a73817d6dbcfba3162da36667c49a0", size = 406358, upload-time = "2026-02-07T23:35:07.509Z" }
wheels = [
    { url = "https://files.pythonhosted.org/packages/b0/cf/1c5f42b110e57bc5502eb80dbc3b03d256926062519224835ef08134f1f9/astroid-4.0.4-py3-none-any.whl", hash = "sha256:52f39653876c7dec3e3afd4c2696920e05c83832b9737afc21928f2d2eb7a753", size = 276445, upload-time = "2026-02-07T23:35:05.344Z" },
]

[[package]]
name = "basedpyright"
version = "1.39.9"
source = { registry = "https://pypi.org/simple" }
dependencies = [
    { name = "nodejs-wheel-binaries" },
]
sdist = { url = "https://files.pythonhosted.org/packages/7a/4b/c1f4e211e50389304d6af32b9280e026a7133e3ad59bbdf8f7a3250f8bee/basedpyright-1.39.9.tar.gz", hash = "sha256:32cbea5fc8273e89df3db20daea56cb7286e419ccdfdc479c64759d2dc071901", size = 24412216, upload-time = "2026-06-27T02:19:49.834Z" }
wheels = [
    { url = "https://files.pythonhosted.org/packages/2a/d4/e1fa108710d0498a18c77b1e13897f31eab47c69aa8cfe2d2a4df746541e/basedpyright-1.39.9-py3-none-any.whl", hash = "sha256:6b0837b9eba972c71895167ab9b127e6afdbc17abc92312e3f8d15ca82a5611c", size = 13374276, upload-time = "2026-06-27T02:19:54.431Z" },
]

[[package]]
name = "colorama"
version = "0.4.6"
source = { registry = "https://pypi.org/simple" }
sdist = { url = "https://files.pythonhosted.org/packages/d8/53/6f443c9a4a8358a93a6792e2acffb9d9d5cb0a5cfd8802644b7b1c9a02e4/colorama-0.4.6.tar.gz", hash = "sha256:08695f5cb7ed6e0531a20572697297273c47b8cae5a63ffc6d6ed5c201be6e44", size = 27697, upload-time = "2022-10-25T02:36:22.414Z" }
wheels = [
    { url = "https://files.pythonhosted.org/packages/d1/d6/3965ed04c63042e047cb6a3e6ed1a63a35087b6a609aa3a15ed8ac56c221/colorama-0.4.6-py2.py3-none-any.whl", hash = "sha256:4f1d9991f5acc0ca119f9d443620b77f9d6b33703e51011c16baf57afb285fc6", size = 25335, upload-time = "2022-10-25T02:36:20.889Z" },
]

[[package]]
name = "dill"
version = "0.4.1"
source = { registry = "https://pypi.org/simple" }
sdist = { url = "https://files.pythonhosted.org/packages/81/e1/56027a71e31b02ddc53c7d65b01e68edf64dea2932122fe7746a516f75d5/dill-0.4.1.tar.gz", hash = "sha256:423092df4182177d4d8ba8290c8a5b640c66ab35ec7da59ccfa00f6fa3eea5fa", size = 187315, upload-time = "2026-01-19T02:36:56.85Z" }
wheels = [
    { url = "https://files.pythonhosted.org/packages/1e/77/dc8c558f7593132cf8fefec57c4f60c83b16941c574ac5f619abb3ae7933/dill-0.4.1-py3-none-any.whl", hash = "sha256:1e1ce33e978ae97fcfcff5638477032b801c46c7c65cf717f95fbc2248f79a9d", size = 120019, upload-time = "2026-01-19T02:36:55.663Z" },
]

[[package]]
name = "isort"
version = "8.0.1"
source = { registry = "https://pypi.org/simple" }
sdist = { url = "https://files.pythonhosted.org/packages/ef/7c/ec4ab396d31b3b395e2e999c8f46dec78c5e29209fac49d1f4dace04041d/isort-8.0.1.tar.gz", hash = "sha256:171ac4ff559cdc060bcfff550bc8404a486fee0caab245679c2abe7cb253c78d", size = 769592, upload-time = "2026-02-28T10:08:20.685Z" }
wheels = [
    { url = "https://files.pythonhosted.org/packages/3e/95/c7c34aa53c16353c56d0b802fba48d5f5caa2cdee7958acbcb795c830416/isort-8.0.1-py3-none-any.whl", hash = "sha256:28b89bc70f751b559aeca209e6120393d43fbe2490de0559662be7a9787e3d75", size = 89733, upload-time = "2026-02-28T10:08:19.466Z" },
]

[[package]]
name = "markdown-it-py"
version = "4.2.0"
source = { registry = "https://pypi.org/simple" }
dependencies = [
    { name = "mdurl" },
]
sdist = { url = "https://files.pythonhosted.org/packages/06/ff/7841249c247aa650a76b9ee4bbaeae59370dc8bfd2f6c01f3630c35eb134/markdown_it_py-4.2.0.tar.gz", hash = "sha256:04a21681d6fbb623de53f6f364d352309d4094dd4194040a10fd51833e418d49", size = 82454, upload-time = "2026-05-07T12:08:28.36Z" }
wheels = [
    { url = "https://files.pythonhosted.org/packages/b3/81/4da04ced5a082363ecfa159c010d200ecbd959ae410c10c0264a38cac0f5/markdown_it_py-4.2.0-py3-none-any.whl", hash = "sha256:9f7ebbcd14fe59494226453aed97c1070d83f8d24b6fc3a3bcf9a38092641c4a", size = 91687, upload-time = "2026-05-07T12:08:27.182Z" },
]

[[package]]
name = "mccabe"
version = "0.7.0"
source = { registry = "https://pypi.org/simple" }
sdist = { url = "https://files.pythonhosted.org/packages/e7/ff/0ffefdcac38932a54d2b5eed4e0ba8a408f215002cd178ad1df0f2806ff8/mccabe-0.7.0.tar.gz", hash = "sha256:348e0240c33b60bbdf4e523192ef919f28cb2c3d7d5c7794f74009290f236325", size = 9658, upload-time = "2022-01-24T01:14:51.113Z" }
wheels = [
    { url = "https://files.pythonhosted.org/packages/27/1a/1f68f9ba0c207934b35b86a8ca3aad8395a3d6dd7921c0686e23853ff5a9/mccabe-0.7.0-py2.py3-none-any.whl", hash = "sha256:6c2d30ab6be0e4a46919781807b4f0d834ebdd6c6e3dca0bda5a15f863427b6e", size = 7350, upload-time = "2022-01-24T01:14:49.62Z" },
]

[[package]]
name = "mdurl"
version = "0.1.2"
source = { registry = "https://pypi.org/simple" }
sdist = { url = "https://files.pythonhosted.org/packages/d6/54/cfe61301667036ec958cb99bd3efefba235e65cdeb9c84d24a8293ba1d90/mdurl-0.1.2.tar.gz", hash = "sha256:bb413d29f5eea38f31dd4754dd7377d4465116fb207585f97bf925588687c1ba", size = 8729, upload-time = "2022-08-14T12:40:10.846Z" }
wheels = [
    { url = "https://files.pythonhosted.org/packages/b3/38/89ba8ad64ae25be8de66a6d463314cf1eb366222074cfda9ee839c56a4b4/mdurl-0.1.2-py3-none-any.whl", hash = "sha256:84008a41e51615a49fc9966191ff91509e3c40b939176e643fd50a5c2196b8f8", size = 9979, upload-time = "2022-08-14T12:40:09.779Z" },
]

[[package]]
name = "mouseinfo"
version = "0.1.3"
source = { registry = "https://pypi.org/simple" }
dependencies = [
    { name = "pyperclip" },
    { name = "python3-xlib", marker = "sys_platform == 'linux'" },
    { name = "rubicon-objc", marker = "sys_platform == 'darwin'" },
]
sdist = { url = "https://files.pythonhosted.org/packages/28/fa/b2ba8229b9381e8f6381c1dcae6f4159a7f72349e414ed19cfbbd1817173/MouseInfo-0.1.3.tar.gz", hash = "sha256:2c62fb8885062b8e520a3cce0a297c657adcc08c60952eb05bc8256ef6f7f6e7", size = 10850, upload-time = "2020-03-27T21:20:10.136Z" }

[[package]]
name = "nodejs-wheel-binaries"
version = "24.16.0"
source = { registry = "https://pypi.org/simple" }
sdist = { url = "https://files.pythonhosted.org/packages/a3/22/2a5beb4e21417c73233d9f65cf6f3e96e891b80d2f550a8f630ebc6b88c6/nodejs_wheel_binaries-24.16.0.tar.gz", hash = "sha256:c973cb69dc5fd16e6f6dc6e579e2c3d5534e2a1f57619dddf5ba070efa7dde37", size = 8056, upload-time = "2026-05-30T16:52:09.807Z" }
wheels = [
    { url = "https://files.pythonhosted.org/packages/83/d1/68b43b53cd0fa83ae6fd406705023ca988d9e0ca41c724d82e66fbeb2ef6/nodejs_wheel_binaries-24.16.0-py2.py3-none-macosx_13_0_arm64.whl", hash = "sha256:d9f8f677dcf30e37ac244f07869726abe043f01eb0f45722b1df31cc2af7093c", size = 55666374, upload-time = "2026-05-30T16:51:39.588Z" },
    { url = "https://files.pythonhosted.org/packages/e9/b2/40a989159599080da485de966c4c2d207e852ac7aa7864702626d96c8bf5/nodejs_wheel_binaries-24.16.0-py2.py3-none-macosx_13_0_x86_64.whl", hash = "sha256:3d0370fe7120ce9697a4f60d40480d2bd8808d9f30131458d5afc0040d4e5a51", size = 55838487, upload-time = "2026-05-30T16:51:43.383Z" },
    { url = "https://files.pythonhosted.org/packages/d7/a7/cd42174fb5ff6faff7fa8d326a18914d8f232098ab5de055b57c16fa13ca/nodejs_wheel_binaries-24.16.0-py2.py3-none-manylinux_2_28_aarch64.whl", hash = "sha256:85dc92bbb79c851569c5925dcc2a4c915a034efab375f99e4e7e6bbe9cca8342", size = 60179540, upload-time = "2026-05-30T16:51:47.036Z" },
    { url = "https://files.pythonhosted.org/packages/2b/95/c8a1f9ae140aa28df8744d984d01d4b3af7cdd6555af12127f40ceb45a7d/nodejs_wheel_binaries-24.16.0-py2.py3-none-manylinux_2_28_x86_64.whl", hash = "sha256:2f3036292811514ba847b3708492644764f88a833ac425c5f55007014308ddfd", size = 60716262, upload-time = "2026-05-30T16:51:50.711Z" },
    { url = "https://files.pythonhosted.org/packages/64/c9/7c35b3737f59e36d0249c265397b7bff570519b95301d6e16ea361e904ad/nodejs_wheel_binaries-24.16.0-py2.py3-none-musllinux_1_2_aarch64.whl", hash = "sha256:db8a8a76ebd2b28ecbfc9ad464baa3707241b9e050a30e2efdf6f60c0f886502", size = 62230592, upload-time = "2026-05-30T16:51:55Z" },
    { url = "https://files.pythonhosted.org/packages/04/96/d931255cf9d11a84d6b54d882dba7434646467d568ccf070ea3418638df3/nodejs_wheel_binaries-24.16.0-py2.py3-none-musllinux_1_2_x86_64.whl", hash = "sha256:f1a3d8f7b4491cbbd023ba3fc4e901fcca2d9fb80d57f24ba3890de8b1dbac03", size = 62841759, upload-time = "2026-05-30T16:51:59.407Z" },
    { url = "https://files.pythonhosted.org/packages/a2/7b/8b7a3f41bc255411be30b6d7d288aab8ffd9ea2055db8555ced3548007b9/nodejs_wheel_binaries-24.16.0-py2.py3-none-win_amd64.whl", hash = "sha256:bb136be9944f0662dcf1120f45193a6b75b13fac378971a95cc42c9f879a81aa", size = 42027734, upload-time = "2026-05-30T16:52:03.348Z" },
    { url = "https://files.pythonhosted.org/packages/17/66/1ed71f1f529b8ca727d42c7ceb9db0bef145ce4a13dfc86fb50aa44f3be6/nodejs_wheel_binaries-24.16.0-py2.py3-none-win_arm64.whl", hash = "sha256:8308940b5edd0a50dc5267ea36ba21c9f668e83fe0d9f293937174d3a7e31c36", size = 39714528, upload-time = "2026-05-30T16:52:06.421Z" },
]

[[package]]
name = "platformdirs"
version = "4.10.0"
source = { registry = "https://pypi.org/simple" }
sdist = { url = "https://files.pythonhosted.org/packages/d7/47/e4501f49c178ae1d9f4a75073fda4204f52647993f075a9db4d14930e0c5/platformdirs-4.10.0.tar.gz", hash = "sha256:31e761a6a0ca04faf7353ea759bdba55652be214725111e5aac52dfa29d4bef7", size = 31224, upload-time = "2026-05-28T03:32:53.587Z" }
wheels = [
    { url = "https://files.pythonhosted.org/packages/81/e6/cd9575ac904136b3cbf7aa7ee819ef86eedb7274e46f230e94ea4342e729/platformdirs-4.10.0-py3-none-any.whl", hash = "sha256:fb516cdb12eb0d857d0cd85a7c57cea4d060bee4578d6cf5a14dfdf8cbf8784a", size = 22743, upload-time = "2026-05-28T03:32:52.175Z" },
]

[[package]]
name = "pyautogui"
version = "0.9.54"
source = { registry = "https://pypi.org/simple" }
dependencies = [
    { name = "mouseinfo" },
    { name = "pygetwindow" },
    { name = "pymsgbox" },
    { name = "pyobjc-core", marker = "sys_platform == 'darwin'" },
    { name = "pyobjc-framework-quartz", marker = "sys_platform == 'darwin'" },
    { name = "pyscreeze" },
    { name = "python3-xlib", marker = "sys_platform == 'linux'" },
    { name = "pytweening" },
]
sdist = { url = "https://files.pythonhosted.org/packages/65/ff/cdae0a8c2118a0de74b6cf4cbcdcaf8fd25857e6c3f205ce4b1794b27814/PyAutoGUI-0.9.54.tar.gz", hash = "sha256:dd1d29e8fd118941cb193f74df57e5c6ff8e9253b99c7b04f39cfc69f3ae04b2", size = 61236, upload-time = "2023-05-24T20:11:32.972Z" }

[[package]]
name = "pygetwindow"
version = "0.0.9"
source = { registry = "https://pypi.org/simple" }
dependencies = [
    { name = "pyrect" },
]
sdist = { url = "https://files.pythonhosted.org/packages/e1/70/c7a4f46dbf06048c6d57d9489b8e0f9c4c3d36b7479f03c5ca97eaa2541d/PyGetWindow-0.0.9.tar.gz", hash = "sha256:17894355e7d2b305cd832d717708384017c1698a90ce24f6f7fbf0242dd0a688", size = 9699, upload-time = "2020-10-04T02:12:50.806Z" }

[[package]]
name = "pygments"
version = "2.20.0"
source = { registry = "https://pypi.org/simple" }
sdist = { url = "https://files.pythonhosted.org/packages/c3/b2/bc9c9196916376152d655522fdcebac55e66de6603a76a02bca1b6414f6c/pygments-2.20.0.tar.gz", hash = "sha256:6757cd03768053ff99f3039c1a36d6c0aa0b263438fcab17520b30a303a82b5f", size = 4955991, upload-time = "2026-03-29T13:29:33.898Z" }
wheels = [
    { url = "https://files.pythonhosted.org/packages/f4/7e/a72dd26f3b0f4f2bf1dd8923c85f7ceb43172af56d63c7383eb62b332364/pygments-2.20.0-py3-none-any.whl", hash = "sha256:81a9e26dd42fd28a23a2d169d86d7ac03b46e2f8b59ed4698fb4785f946d0176", size = 1231151, upload-time = "2026-03-29T13:29:30.038Z" },
]

[[package]]
name = "pylint"
version = "4.0.6"
source = { registry = "https://pypi.org/simple" }
dependencies = [
    { name = "astroid" },
    { name = "colorama", marker = "sys_platform == 'win32'" },
    { name = "dill" },
    { name = "isort" },
    { name = "mccabe" },
    { name = "platformdirs" },
    { name = "tomlkit" },
]
sdist = { url = "https://files.pythonhosted.org/packages/7d/1d/3bb57f303701549550d74bf7ced2b07412be97125c167a0c9d216aa9f762/pylint-4.0.6.tar.gz", hash = "sha256:52f19191bee08bf103f9705ad1a0ece4aa5a0a4ef2bdcbd969375a1e6f6579d5", size = 1585588, upload-time = "2026-06-14T14:43:26.772Z" }
wheels = [
    { url = "https://files.pythonhosted.org/packages/ab/da/acb2e7d4dbd2dfb792d38c0d850481f29ad7049b356d23f56c687d35203b/pylint-4.0.6-py3-none-any.whl", hash = "sha256:d11a0e1fdb7b1cd46ec5d6fc78fee8b95f28695b2d6140e5809925f61e32ea54", size = 538389, upload-time = "2026-06-14T14:43:24.873Z" },
]

[[package]]
name = "pymsgbox"
version = "2.0.1"
source = { registry = "https://pypi.org/simple" }
sdist = { url = "https://files.pythonhosted.org/packages/ae/6a/e80da7594ee598a776972d09e2813df2b06b3bc29218f440631dfa7c78a8/pymsgbox-2.0.1.tar.gz", hash = "sha256:98d055c49a511dcc10fa08c3043e7102d468f5e4b3a83c6d3c61df722c7d798d", size = 20768, upload-time = "2025-09-09T00:38:56.863Z" }
wheels = [
    { url = "https://files.pythonhosted.org/packages/6f/3e/08c8cac81b2b2f7502746e6b9c8e5b0ec6432cd882c605560fc409aaf087/pymsgbox-2.0.1-py3-none-any.whl", hash = "sha256:5de8ec19bca2ca7e6c09d39c817c83f17c75cee80275235f43a9931db699f73b", size = 9994, upload-time = "2025-09-09T00:38:55.672Z" },
]

[[package]]
name = "pyobjc-core"
version = "12.2.1"
source = { registry = "https://pypi.org/simple" }
sdist = { url = "https://files.pythonhosted.org/packages/b4/b1/729f7458a63758bd21716648a8abcd9a0c8f2d2e9897763c8a1a1c7fd31b/pyobjc_core-12.2.1.tar.gz", hash = "sha256:7a7b9b018402342cf32bf1956366896350fbe5c0478cb3ef59778f77abed7f07", size = 1063383, upload-time = "2026-06-19T16:19:39.357Z" }
wheels = [
    { url = "https://files.pythonhosted.org/packages/8c/88/300ad283bed0c971c52dcac6f70113e138169d4ce6d856ddd03d16081e51/pyobjc_core-12.2.1-cp312-cp312-macosx_10_13_universal2.whl", hash = "sha256:a64232bb27ed101d4adc7d42b0e64a6d3331aac7bee7861c037a6777a163f10b", size = 6433347, upload-time = "2026-06-19T16:04:49.341Z" },
    { url = "https://files.pythonhosted.org/packages/3e/1e/b9b0ddffae66996b8779f1f7958adc9f21c13a0448cd3be8d7fe589b5b0f/pyobjc_core-12.2.1-cp313-cp313-macosx_10_13_universal2.whl", hash = "sha256:af101222762665a4125157906cb4b23f5d5a63d3851d5e0504f72a1eaaa2cfd2", size = 6436004, upload-time = "2026-06-19T16:04:53.257Z" },
    { url = "https://files.pythonhosted.org/packages/8f/26/bd309ede07784c6e5fac4b440c90a5f72a66da7859ed303a9392fe8a5f3f/pyobjc_core-12.2.1-cp313-cp313t-macosx_10_13_universal2.whl", hash = "sha256:efe465e3ecc6fc73f7c7622620345d134a8d34564ab1c29d8247e45f4ed55071", size = 6687044, upload-time = "2026-06-19T16:04:57.42Z" },
    { url = "https://files.pythonhosted.org/packages/bd/8a/cfa4f56939d554dbb342ec6e5226a441e2f552bc2002a0ddf7705bb11bef/pyobjc_core-12.2.1-cp314-cp314-macosx_10_15_universal2.whl", hash = "sha256:2b8fc0531c27277325e113ac00b8a72a82e6145f0a88175b9425d8de814ff69a", size = 6429289, upload-time = "2026-06-19T16:05:02.191Z" },
    { url = "https://files.pythonhosted.org/packages/42/74/446c89bc18103aaa4a00d1fb85ff8acace9a0dc3f362d9678ebf7571e275/pyobjc_core-12.2.1-cp314-cp314t-macosx_10_15_universal2.whl", hash = "sha256:9bef500f979e22d54f9da3aaebf6a48f873234b324858bd69256055a318955c7", size = 6690181, upload-time = "2026-06-19T16:05:06.201Z" },
    { url = "https://files.pythonhosted.org/packages/99/c7/0121ee4c616af07ad2de8cd1a286f6978dc9a227eb58b7c2e875cb68a1df/pyobjc_core-12.2.1-cp315-cp315-macosx_10_15_universal2.whl", hash = "sha256:047c226eeb58a2993ace5e8904e71cc9426ee20d064c617f8fbf32717d37093e", size = 6487078, upload-time = "2026-06-19T16:05:10.093Z" },
    { url = "https://files.pythonhosted.org/packages/b5/a8/cb9fcc150f97d0bf22a2028f88b24cc35949beb1bcc7b8bc5c17d4401677/pyobjc_core-12.2.1-cp315-cp315t-macosx_10_15_universal2.whl", hash = "sha256:1188613805336270279570467e4455b74cb6c0f60913ac74c917ee1c37cfaecb", size = 6733064, upload-time = "2026-06-19T16:05:14.313Z" },
]

[[package]]
name = "pyobjc-framework-cocoa"
version = "12.2.1"
source = { registry = "https://pypi.org/simple" }
dependencies = [
    { name = "pyobjc-core" },
]
sdist = { url = "https://files.pythonhosted.org/packages/51/34/fbe38a204643aa4e1b91391cdce07a34da565a69171ebcad08de7438a556/pyobjc_framework_cocoa-12.2.1.tar.gz", hash = "sha256:b94b37fe5730e5ae1fb0052912cd174e6ec329b0bfba4a012ae5db1014b5864b", size = 3125751, upload-time = "2026-06-19T16:20:05.159Z" }
wheels = [
    { url = "https://files.pythonhosted.org/packages/f7/cf/1b3b32b2f28f66cc053c3438ef4e6df36a1591945bf05e7399da18d74553/pyobjc_framework_cocoa-12.2.1-cp312-cp312-macosx_10_13_universal2.whl", hash = "sha256:28b9b8bab1c36efb94744786918752d0c1842f5fbb67e7d5ca97b5f736512080", size = 388113, upload-time = "2026-06-19T16:07:38.9Z" },
    { url = "https://files.pythonhosted.org/packages/cc/46/68e8e4d926a2f70fed0437047bc3f9fe08af8fe620d94d80656ebc3cfa9b/pyobjc_framework_cocoa-12.2.1-cp313-cp313-macosx_10_13_universal2.whl", hash = "sha256:3b74a78fa7803e547b32e5e8ec1b49987b52fe318383e793bc6cd49b80efbd9f", size = 388183, upload-time = "2026-06-19T16:07:40.483Z" },
    { url = "https://files.pythonhosted.org/packages/2e/f3/dfc9af4c9eb2e5389c860ad5ef252be9fe456db09f39d537555dc5057aa1/pyobjc_framework_cocoa-12.2.1-cp313-cp313t-macosx_10_13_universal2.whl", hash = "sha256:dc2eaca2f13c7bcd8e41e51a372e47825dea9dd3126108760eed7ba883d2945c", size = 392275, upload-time = "2026-06-19T16:07:42.078Z" },
    { url = "https://files.pythonhosted.org/packages/ec/c8/b90baa8f3592eded79b4be98fb59d2b8dc16b62361e34292bd95806ebd9f/pyobjc_framework_cocoa-12.2.1-cp314-cp314-macosx_10_15_universal2.whl", hash = "sha256:b386c324d64ae565c1f6b7dfb77be68f640a1c7c23caa6966ab661131f519561", size = 388357, upload-time = "2026-06-19T16:07:43.364Z" },
    { url = "https://files.pythonhosted.org/packages/98/d8/64a94651b9294702d55e748d94de30e25bc59d0784526be7643f4467eccd/pyobjc_framework_cocoa-12.2.1-cp314-cp314t-macosx_10_15_universal2.whl", hash = "sha256:a6c584e2af0813cb2f6103b184e632665a26f58c1bd5b08ffd6e95a19c617f7b", size = 392404, upload-time = "2026-06-19T16:07:44.955Z" },
    { url = "https://files.pythonhosted.org/packages/5c/cc/26e8a7bf1f5e8caa38b7f80d486296f9fd3c97e71ad7e5444ef22e802758/pyobjc_framework_cocoa-12.2.1-cp315-cp315-macosx_10_15_universal2.whl", hash = "sha256:b6023657b8d6cc049a21bd6b4752425f2f53c42f9f0b02d64c7608cc484bf103", size = 388589, upload-time = "2026-06-19T16:07:46.276Z" },
    { url = "https://files.pythonhosted.org/packages/b6/f3/eedf743a303ea742b8e082afe3613fb4d6618bc1a48cf2568b004ce906f7/pyobjc_framework_cocoa-12.2.1-cp315-cp315t-macosx_10_15_universal2.whl", hash = "sha256:c685ccd8e266a07cf912a2c5a13b1f2eff2a868a1aff163b4801b4687bd425e1", size = 392691, upload-time = "2026-06-19T16:07:47.477Z" },
]

[[package]]
name = "pyobjc-framework-quartz"
version = "12.2.1"
source = { registry = "https://pypi.org/simple" }
dependencies = [
    { name = "pyobjc-core" },
    { name = "pyobjc-framework-cocoa" },
]
sdist = { url = "https://files.pythonhosted.org/packages/3b/f6/2a8b84dbf1fe7c04dd96ea73d991678d4e09a909f51971ecc51629bb2ab4/pyobjc_framework_quartz-12.2.1.tar.gz", hash = "sha256:b3b8b6f71e66147f8ff9e6213864cc8527e3a0b1ee90835b93ce221f4802d9b0", size = 3215521, upload-time = "2026-06-19T16:21:30.199Z" }
wheels = [
    { url = "https://files.pythonhosted.org/packages/14/fc/d7c7b3134cdbd1a487f3f77b5be125d87a6c9e7d9411035739d99335cc0c/pyobjc_framework_quartz-12.2.1-cp312-cp312-macosx_10_13_universal2.whl", hash = "sha256:de9c8cca7e95290c8d540466af11c7cdfe3a5458e6f56c34006d5b45243f9ed9", size = 219000, upload-time = "2026-06-19T16:16:04.29Z" },
    { url = "https://files.pythonhosted.org/packages/0a/4b/861f91a1565d3189ee899e177b915551fb9a7e2ca25414025a8974f04e74/pyobjc_framework_quartz-12.2.1-cp313-cp313-macosx_10_13_universal2.whl", hash = "sha256:54c9bc7f507192691841ee4eba5bf36990b259df83ac728efed2d7ea1cd021e4", size = 219403, upload-time = "2026-06-19T16:16:05.645Z" },
    { url = "https://files.pythonhosted.org/packages/ba/b5/b27010d2f288737f627f74be6d5549f49c841542365c84b9a3011fe39ce7/pyobjc_framework_quartz-12.2.1-cp313-cp313t-macosx_10_13_universal2.whl", hash = "sha256:bfc0d2badd819823d21df8069dcf9544ce360ed747a8895c51bdb25d8d125f45", size = 224458, upload-time = "2026-06-19T16:16:07.252Z" },
    { url = "https://files.pythonhosted.org/packages/8b/5d/85ffd9d433989205d572a50d625c63b29c05e0c5235a725f15ae1023672c/pyobjc_framework_quartz-12.2.1-cp314-cp314-macosx_10_15_universal2.whl", hash = "sha256:ceb56939c337b36d9d81185ade31f77dc52c85cf79bb16e53e9b32f54b6bb3f5", size = 219769, upload-time = "2026-06-19T16:16:08.814Z" },
    { url = "https://files.pythonhosted.org/packages/e2/d6/b917e4b63d72ea84a27121076f3033f23f6497c0e6ce8d304766c899897f/pyobjc_framework_quartz-12.2.1-cp314-cp314t-macosx_10_15_universal2.whl", hash = "sha256:8105c98b798f2bf81c05c54bddeeadbf62f0b5dfec13bd6e719dd2cdf7e1cddf", size = 224717, upload-time = "2026-06-19T16:16:10.215Z" },
    { url = "https://files.pythonhosted.org/packages/04/e2/f3c1ed3228f7430ef5ade23db6f1fcbae99290f177ce5653348fd9e05f4d/pyobjc_framework_quartz-12.2.1-cp315-cp315-macosx_10_15_universal2.whl", hash = "sha256:bbc214f1a216b5d3651bc832d0ac4589f029f3f37cd6cbb370aac12a7c77942c", size = 219825, upload-time = "2026-06-19T16:16:11.433Z" },
    { url = "https://files.pythonhosted.org/packages/66/2a/2c99a5ad2fe0a11600ea123b8e9a08ff138fcb2ad1e13e376f4bd4aa1d96/pyobjc_framework_quartz-12.2.1-cp315-cp315t-macosx_10_15_universal2.whl", hash = "sha256:ca61624a0b0e6286d8a0f97f47eb9011e4e81e9a339db436d48af527e7065bb1", size = 224770, upload-time = "2026-06-19T16:16:13.035Z" },
]

[[package]]
name = "pyperclip"
version = "1.11.0"
source = { registry = "https://pypi.org/simple" }
sdist = { url = "https://files.pythonhosted.org/packages/e8/52/d87eba7cb129b81563019d1679026e7a112ef76855d6159d24754dbd2a51/pyperclip-1.11.0.tar.gz", hash = "sha256:244035963e4428530d9e3a6101a1ef97209c6825edab1567beac148ccc1db1b6", size = 12185, upload-time = "2025-09-26T14:40:37.245Z" }
wheels = [
    { url = "https://files.pythonhosted.org/packages/df/80/fc9d01d5ed37ba4c42ca2b55b4339ae6e200b456be3a1aaddf4a9fa99b8c/pyperclip-1.11.0-py3-none-any.whl", hash = "sha256:299403e9ff44581cb9ba2ffeed69c7aa96a008622ad0c46cb575ca75b5b84273", size = 11063, upload-time = "2025-09-26T14:40:36.069Z" },
]

[[package]]
name = "pyrect"
version = "0.2.0"
source = { registry = "https://pypi.org/simple" }
sdist = { url = "https://files.pythonhosted.org/packages/cb/04/2ba023d5f771b645f7be0c281cdacdcd939fe13d1deb331fc5ed1a6b3a98/PyRect-0.2.0.tar.gz", hash = "sha256:f65155f6df9b929b67caffbd57c0947c5ae5449d3b580d178074bffb47a09b78", size = 17219, upload-time = "2022-03-16T04:45:52.36Z" }

[[package]]
name = "pyscreeze"
version = "1.0.1"
source = { registry = "https://pypi.org/simple" }
sdist = { url = "https://files.pythonhosted.org/packages/ee/f0/cb456ac4f1a73723d5b866933b7986f02bacea27516629c00f8e7da94c2d/pyscreeze-1.0.1.tar.gz", hash = "sha256:cf1662710f1b46aa5ff229ee23f367da9e20af4a78e6e365bee973cad0ead4be", size = 27826, upload-time = "2024-08-20T23:03:07.291Z" }

[[package]]
name = "python3-xlib"
version = "0.15"
source = { registry = "https://pypi.org/simple" }
sdist = { url = "https://files.pythonhosted.org/packages/ef/c6/2c5999de3bb1533521f1101e8fe56fd9c266732f4d48011c7c69b29d12ae/python3-xlib-0.15.tar.gz", hash = "sha256:dc4245f3ae4aa5949c1d112ee4723901ade37a96721ba9645f2bfa56e5b383f8", size = 132828, upload-time = "2014-05-31T12:28:59.603Z" }

[[package]]
name = "pytweening"
version = "1.2.0"
source = { registry = "https://pypi.org/simple" }
sdist = { url = "https://files.pythonhosted.org/packages/79/0c/c16bc93ac2755bac0066a8ecbd2a2931a1735a6fffd99a2b9681c7e83e90/pytweening-1.2.0.tar.gz", hash = "sha256:243318b7736698066c5f362ec5c2b6434ecf4297c3c8e7caa8abfe6af4cac71b", size = 171241, upload-time = "2024-02-20T03:37:56.809Z" }

[[package]]
name = "rich"
version = "15.0.0"
source = { registry = "https://pypi.org/simple" }
dependencies = [
    { name = "markdown-it-py" },
    { name = "pygments" },
]
sdist = { url = "https://files.pythonhosted.org/packages/c0/8f/0722ca900cc807c13a6a0c696dacf35430f72e0ec571c4275d2371fca3e9/rich-15.0.0.tar.gz", hash = "sha256:edd07a4824c6b40189fb7ac9bc4c52536e9780fbbfbddf6f1e2502c31b068c36", size = 230680, upload-time = "2026-04-12T08:24:00.75Z" }
wheels = [
    { url = "https://files.pythonhosted.org/packages/82/3b/64d4899d73f91ba49a8c18a8ff3f0ea8f1c1d75481760df8c68ef5235bf5/rich-15.0.0-py3-none-any.whl", hash = "sha256:33bd4ef74232fb73fe9279a257718407f169c09b78a87ad3d296f548e27de0bb", size = 310654, upload-time = "2026-04-12T08:24:02.83Z" },
]

[[package]]
name = "rubicon-objc"
version = "0.5.4"
source = { registry = "https://pypi.org/simple" }
sdist = { url = "https://files.pythonhosted.org/packages/7b/37/fa4718811f5f33cb43fbd9e78209b4105f86022965ae9ceed08ef23560a9/rubicon_objc-0.5.4.tar.gz", hash = "sha256:9ba5eb203df2b2e6c7f2d93f671b583ef5ea0f61b17a3ff44cd9c68673ad7916", size = 188492, upload-time = "2026-05-06T00:57:50.457Z" }
wheels = [
    { url = "https://files.pythonhosted.org/packages/50/56/ba4987a64ceaae27f629644c4c52d2291eeab0755486d976c4bd1c781d86/rubicon_objc-0.5.4-py3-none-any.whl", hash = "sha256:f7c755388d5709d7079152892137b13bcc6b4bdd796c9f0d9b3a1eb5bea715c4", size = 64553, upload-time = "2026-05-06T00:57:49.032Z" },
]

[[package]]
name = "ruff"
version = "0.15.18"
source = { registry = "https://pypi.org/simple" }
sdist = { url = "https://files.pythonhosted.org/packages/74/98/1295ad5a5aa9bc85bdcdfa5d82fe7b49c61af5657df4f227637ff9de0da6/ruff-0.15.18.tar.gz", hash = "sha256:2698a964c70e8bf402dcb99c8810472d270d141e7aa8c4e13599fd52033a2f33", size = 4761437, upload-time = "2026-06-18T18:25:39.224Z" }
wheels = [
    { url = "https://files.pythonhosted.org/packages/b9/d0/686e984941269621e2be72612d5c1e461f8f7b38415a2a7d7a81c8ae6715/ruff-0.15.18-py3-none-linux_armv6l.whl", hash = "sha256:8b6850172348c8381b8b3084c5915a4393c2373b9b54cd5b5e1ea15812bc10df", size = 10887308, upload-time = "2026-06-18T18:25:03.062Z" },
    { url = "https://files.pythonhosted.org/packages/ed/21/bc4123e3f5515ee99f8ce1eb93a14a0628fe4d1678663cd08f933ac16931/ruff-0.15.18-py3-none-macosx_10_12_x86_64.whl", hash = "sha256:3fccc153a85417dcd976883160cacce486997b0a0058dd18f54b8aaaac7d1ce2", size = 11281305, upload-time = "2026-06-18T18:25:30.026Z" },
    { url = "https://files.pythonhosted.org/packages/51/93/4769464c25cf7ab2acb3c7dda9cad3d867eb41c59565b3e2a9d17249c90c/ruff-0.15.18-py3-none-macosx_11_0_arm64.whl", hash = "sha256:08d4c86a68f2c3ec2c9d56380a71fb4a4f65373055cbb8caabd645e9102f38d4", size = 10641215, upload-time = "2026-06-18T18:25:15.802Z" },
    { url = "https://files.pythonhosted.org/packages/6c/42/56926d17120db2c208d76bf60a1a019644dd9e91dc27f0f95c9caddb1366/ruff-0.15.18-py3-none-manylinux_2_17_aarch64.manylinux2014_aarch64.whl", hash = "sha256:37e5108745c2c0705da916d7d4de533ddf547051ef45f62888c31bae73f66318", size = 10957224, upload-time = "2026-06-18T18:25:36.955Z" },
    { url = "https://files.pythonhosted.org/packages/22/4f/d43fab8d8189afde803103022d000a8ef9f230616d436d52a8b2b8d63b50/ruff-0.15.18-py3-none-manylinux_2_17_armv7l.manylinux2014_armv7l.whl", hash = "sha256:56949a6ce8b3abde54c0bcb22cebfe57e8771cadc84b407ae8b8eaf67ebdcd43", size = 10699024, upload-time = "2026-06-18T18:25:05.707Z" },
    { url = "https://files.pythonhosted.org/packages/63/42/1e3e4c68bd408b9768cf3e439acbe2c78245225faef253f7028a0cdb63e0/ruff-0.15.18-py3-none-manylinux_2_17_i686.manylinux2014_i686.whl", hash = "sha256:01a754cd6a1b630d3f97e33eb452cf7a98040482318e870f8bc52a5a30e62657", size = 11491458, upload-time = "2026-06-18T18:25:20.275Z" },
    { url = "https://files.pythonhosted.org/packages/20/77/47a3484bea8521e14a203d98c389c5c97846675e4f02734672da4a69b52a/ruff-0.15.18-py3-none-manylinux_2_17_ppc64le.manylinux2014_ppc64le.whl", hash = "sha256:6ba7a07e03a44dbf10bb086ee06705b173625014ec99f73a7e6836a5e5590a0c", size = 12383752, upload-time = "2026-06-18T18:25:22.535Z" },
    { url = "https://files.pythonhosted.org/packages/0a/ca/054159590787023d83b658a1a1819c4c8910114e7015069340b71c0961cb/ruff-0.15.18-py3-none-manylinux_2_17_s390x.manylinux2014_s390x.whl", hash = "sha256:5a2c40a41a4cadbcf5897b548ab29dfe248b20c540961c0247d98a3973c70403", size = 11577923, upload-time = "2026-06-18T18:25:10.702Z" },
    { url = "https://files.pythonhosted.org/packages/6d/ff/d353d6b7bbd73cc0ec37f4463d7540e45e894338abdd9964eee0de332708/ruff-0.15.18-py3-none-manylinux_2_17_x86_64.manylinux2014_x86_64.whl", hash = "sha256:5f0480ce690cbb6c4db6e5d08f19fce98e10ba131a8b60c1bcdac42771e3ae2d", size = 11583925, upload-time = "2026-06-18T18:25:32.391Z" },
    { url = "https://files.pythonhosted.org/packages/c1/4a/891f89b9c296ed3e5f3ece1a5629badc989d9a8fdaa30431aaf4774bc1c2/ruff-0.15.18-py3-none-manylinux_2_31_riscv64.whl", hash = "sha256:2330215f1f393fa8733f55edce04fcf94c36a2c460fcde31f78cc84e4951e9b1", size = 11582834, upload-time = "2026-06-18T18:25:27.309Z" },
    { url = "https://files.pythonhosted.org/packages/32/a3/ed9e370154bf85de360b93c03026157f02d4943b2d01ff4945f4429f8e8a/ruff-0.15.18-py3-none-musllinux_1_2_aarch64.whl", hash = "sha256:a6aa6a3d979e48ae617578183674bf264fbe7d0114a796a26bd678d67963c7ff", size = 10927328, upload-time = "2026-06-18T18:25:34.676Z" },
    { url = "https://files.pythonhosted.org/packages/f5/d1/5cf5909329fedb5d39d555ee818ba5cf4638e1a301b89785d34f2905bfcb/ruff-0.15.18-py3-none-musllinux_1_2_armv7l.whl", hash = "sha256:a81beadbbff2c9c245561ae3f77b16709d87f35eec650d0501679239d3449b22", size = 10693187, upload-time = "2026-06-18T18:25:08.245Z" },
    { url = "https://files.pythonhosted.org/packages/fd/44/ff6c635cf2c4f4e7b618b6640da057376baa36014695487d88aed4794268/ruff-0.15.18-py3-none-musllinux_1_2_i686.whl", hash = "sha256:2186d9e940ae332ab293623a75b5f4fe49565f449954d50a72a046683aa6b809", size = 11208721, upload-time = "2026-06-18T18:25:41.327Z" },
    { url = "https://files.pythonhosted.org/packages/88/d9/5baa2a30861adfb7022cf33c1e35b2fc18085b08c16f83eff4c7b99a5f48/ruff-0.15.18-py3-none-musllinux_1_2_x86_64.whl", hash = "sha256:5c2abf140438032bc77b2284a6c9944ecd8a19e5f1c7b52b1b8e4a0a80d19a7a", size = 11678599, upload-time = "2026-06-18T18:25:13.607Z" },
    { url = "https://files.pythonhosted.org/packages/c3/1a/0725a7cfdc32ff769efb96ee782bec882e16448c5d9e3be947ec4c04ce27/ruff-0.15.18-py3-none-win32.whl", hash = "sha256:02299e6e9fa5b297a3f6d5d10d7bcd655c925b028bb8b9d4588214549c6b9ec4", size = 10901903, upload-time = "2026-06-18T18:25:24.755Z" },
    { url = "https://files.pythonhosted.org/packages/f3/51/805d9f6fb7970505c3504794a5ec350f605361b807fef4dcf214ebd35e72/ruff-0.15.18-py3-none-win_amd64.whl", hash = "sha256:dac80dc8d26b2257dbefabed62f5d255c3937b4ccb122da1fc634794fa3578b3", size = 12041189, upload-time = "2026-06-18T18:25:17.915Z" },
    { url = "https://files.pythonhosted.org/packages/29/4c/67bb45e41609eb4726f1bfeb59e083cf91d14c696d4bd14c234a980be93d/ruff-0.15.18-py3-none-win_arm64.whl", hash = "sha256:b2c9257fcbd4a3e5b977a1904e6facca016bafe2edc17df24db67cfaee03b4e4", size = 11329958, upload-time = "2026-06-18T18:25:43.686Z" },
]

[[package]]
name = "shellingham"
version = "1.5.4"
source = { registry = "https://pypi.org/simple" }
sdist = { url = "https://files.pythonhosted.org/packages/58/15/8b3609fd3830ef7b27b655beb4b4e9c62313a4e8da8c676e142cc210d58e/shellingham-1.5.4.tar.gz", hash = "sha256:8dbca0739d487e5bd35ab3ca4b36e11c4078f3a234bfce294b0a0291363404de", size = 10310, upload-time = "2023-10-24T04:13:40.426Z" }
wheels = [
    { url = "https://files.pythonhosted.org/packages/e0/f9/0595336914c5619e5f28a1fb793285925a8cd4b432c9da0a987836c7f822/shellingham-1.5.4-py2.py3-none-any.whl", hash = "sha256:7ecfff8f2fd72616f7481040475a65b2bf8af90a56c89140852d1120324e8686", size = 9755, upload-time = "2023-10-24T04:13:38.866Z" },
]

[[package]]
name = "suckless-ogl"
version = "0.1.0"
source = { virtual = "." }
dependencies = [
    { name = "pyautogui" },
    { name = "pygments" },
    { name = "typer" },
    { name = "vdf" },
]

[package.dev-dependencies]
dev = [
    { name = "basedpyright" },
    { name = "pylint" },
    { name = "ruff" },
]

[package.metadata]
requires-dist = [
    { name = "pyautogui", specifier = ">=0.9.54" },
    { name = "pygments", specifier = "<2.21.0" },
    { name = "typer", extras = ["all"], specifier = ">=0.26.7" },
    { name = "vdf", specifier = ">=3.4" },
]

[package.metadata.requires-dev]
dev = [
    { name = "basedpyright", specifier = ">=1.39.9" },
    { name = "pylint", specifier = ">=4.0.6" },
    { name = "ruff", specifier = ">=0.15.18" },
]

[[package]]
name = "tomlkit"
version = "0.15.0"
source = { registry = "https://pypi.org/simple" }
sdist = { url = "https://files.pythonhosted.org/packages/51/db/03eaf4331631ef6b27d6e3c9b68c54dc6f0d63d87201fed600cc409307fd/tomlkit-0.15.0.tar.gz", hash = "sha256:7d1a9ecba3086638211b13814ea79c90dd54dd11993564376f3aa92271f5c7a3", size = 161875, upload-time = "2026-05-10T07:38:22.245Z" }
wheels = [
    { url = "https://files.pythonhosted.org/packages/6a/43/8bd850ee71a191bf072e31302c73a66be413fecdd98fdcd111ecbcce13ca/tomlkit-0.15.0-py3-none-any.whl", hash = "sha256:4dbc8f0fc024412b57ced8757ac7461305126a648ff8c2c807fcb8e133a78738", size = 41328, upload-time = "2026-05-10T07:38:23.517Z" },
]

[[package]]
name = "typer"
version = "0.26.7"
source = { registry = "https://pypi.org/simple" }
dependencies = [
    { name = "annotated-doc" },
    { name = "colorama", marker = "sys_platform == 'win32'" },
    { name = "rich" },
    { name = "shellingham" },
]
sdist = { url = "https://files.pythonhosted.org/packages/5e/ed/ef06584ccdd5c410df0837951ecd7e15d9a6144ea1bd4c73cecab1a89891/typer-0.26.7.tar.gz", hash = "sha256:e314a34c617e419c091b2830dda3ea1f257134ff593061a8f5b9717ab8dddb3a", size = 201709, upload-time = "2026-06-03T07:18:06.843Z" }
wheels = [
    { url = "https://files.pythonhosted.org/packages/24/25/2201973529af2c954de0bb725323c3aaed6d7f0ceee8f550dec9185df013/typer-0.26.7-py3-none-any.whl", hash = "sha256:5c87cfbc5d34491c5346ebf49c23e18d56ccb863268d3a8d592b26087c2f5e58", size = 122456, upload-time = "2026-06-03T07:18:05.732Z" },
]

[[package]]
name = "vdf"
version = "3.4"
source = { registry = "https://pypi.org/simple" }
sdist = { url = "https://files.pythonhosted.org/packages/44/7f/74192f47d67c8bf3c47bf0d8487b3457614c2c98d58b6617721d217f3f79/vdf-3.4.tar.gz", hash = "sha256:fd5419f41e07a1009e5ffd027c7dcbe43d1f7e8ef453aeaa90d9d04b807de2af", size = 11132, upload-time = "2021-05-22T09:26:05.252Z" }
wheels = [
    { url = "https://files.pythonhosted.org/packages/96/60/6456b687cf55cf60020dcd01f9bc51561c3cc84f05fd8e0feb71ce60f894/vdf-3.4-py2.py3-none-any.whl", hash = "sha256:68c1a125cc49e343d535af2dd25074e9cb0908c6607f073947c4a04bbe234534", size = 10357, upload-time = "2021-05-22T09:26:03.948Z" },
]
